
Microsoft Visual Studio Solution File, Format Version 12.00
# Visual Studio Version 17
VisualStudioVersion = 17.2.32519.379
MinimumVisualStudioVersion = 10.0.40219.1
Project("{9A19103F-16F7-4668-BE54-9A1E7A4F7556}") = "Projetinho", "Projetinho\Projetinho.csproj", "{D54C95BE-BDFB-4D56-B61A-31D1208AEB38}"
EndProject
Global
	GlobalSection(SolutionConfigurationPlatforms) = preSolution
		Debug|Any CPU = Debug|Any CPU
		Release|Any CPU = Release|Any CPU
	EndGlobalSection
	GlobalSection(ProjectConfigurationPlatforms) = postSolution
		{D54C95BE-BDFB-4D56-B61A-31D1208AEB38}.Debug|Any CPU.ActiveCfg = Debug|Any CPU
		{D54C95BE-BDFB-4D56-B61A-31D1208AEB38}.Debug|Any CPU.Build.0 = Debug|Any CPU
		{D54C95BE-BDFB-4D56-B61A-31D1208AEB38}.Release|Any CPU.ActiveCfg = Release|Any CPU
		{D54C95BE-BDFB-4D56-B61A-31D1208AEB38}.Release|Any CPU.Build.0 = Release|Any CPU
	EndGlobalSection
	GlobalSection(SolutionProperties) = preSolution
		HideSolutionNode = FALSE
	EndGlobalSection
	GlobalSection(ExtensibilityGlobals) = postSolution
		SolutionGuid = {2B9EB6FD-8DEE-4981-BFC7-8D2BFD98AF1D}
	EndGlobalSection
EndGlobal
